{
  "name": "node",
  "version": "1.0.0",
  "lockfileVersion": 3,
  "requires": true,
  "packages": {
    "": {
      "name": "node",
      "version": "1.0.0",
      "license": "ISC",
      "dependencies": {
        "@permaweb/sdk": "file:../.."
      }
    },
    "../..": {
      "version": "0.0.01",
      "license": "ISC",
      "dependencies": {
        "@permaweb/aoconnect": "^0.0.59",
        "tsc-alias": "^1.8.10"
      },
      "devDependencies": {
        "@types/node": "^22.7.6",
        "@typescript-eslint/eslint-plugin": "^5.57.1",
        "@typescript-eslint/parser": "^5.57.1",
        "eslint": "^8.35.0",
        "eslint-plugin-import": "^2.27.5",
        "eslint-plugin-simple-import-sort": "^10.0.0",
        "typescript": "^5.5.4"
      }
    },
    "node_modules/@permaweb/sdk": {
      "resolved": "../..",
      "link": true
    }
  }
}
